
Microsoft Visual Studio Solution File, Format Version 12.00
# Visual Studio 14
VisualStudioVersion = 14.0.24720.0
MinimumVisualStudioVersion = 10.0.40219.1
Project("{FAE04EC0-301F-11D3-BF4B-00C04F79EFBC}") = "ProgrammingRefresher", "ProgrammingRefresher\ProgrammingRefresher.csproj", "{FECF1D87-C0E1-45DF-9DB3-CF9D8CE44D61}"
EndProject
Project("{FAE04EC0-301F-11D3-BF4B-00C04F79EFBC}") = "UnitTests", "UnitTests\UnitTests.csproj", "{7910DDAF-EE91-4F91-8187-EBCEF8EAFBD2}"
EndProject
Project("{2150E333-8FDC-42A3-9474-1A3956D46DE8}") = "Solution Items", "Solution Items", "{E99CBD64-226F-4B70-9DA0-22E1DFDD2797}"
	ProjectSection(SolutionItems) = preProject
		Local.testsettings = Local.testsettings
	EndProjectSection
EndProject
Global
	GlobalSection(SolutionConfigurationPlatforms) = preSolution
		Debug|Any CPU = Debug|Any CPU
		Release|Any CPU = Release|Any CPU
	EndGlobalSection
	GlobalSection(ProjectConfigurationPlatforms) = postSolution
		{FECF1D87-C0E1-45DF-9DB3-CF9D8CE44D61}.Debug|Any CPU.ActiveCfg = Debug|Any CPU
		{FECF1D87-C0E1-45DF-9DB3-CF9D8CE44D61}.Debug|Any CPU.Build.0 = Debug|Any CPU
		{FECF1D87-C0E1-45DF-9DB3-CF9D8CE44D61}.Release|Any CPU.ActiveCfg = Release|Any CPU
		{FECF1D87-C0E1-45DF-9DB3-CF9D8CE44D61}.Release|Any CPU.Build.0 = Release|Any CPU
		{7910DDAF-EE91-4F91-8187-EBCEF8EAFBD2}.Debug|Any CPU.ActiveCfg = Debug|Any CPU
		{7910DDAF-EE91-4F91-8187-EBCEF8EAFBD2}.Debug|Any CPU.Build.0 = Debug|Any CPU
		{7910DDAF-EE91-4F91-8187-EBCEF8EAFBD2}.Release|Any CPU.ActiveCfg = Release|Any CPU
		{7910DDAF-EE91-4F91-8187-EBCEF8EAFBD2}.Release|Any CPU.Build.0 = Release|Any CPU
	EndGlobalSection
	GlobalSection(SolutionProperties) = preSolution
		HideSolutionNode = FALSE
	EndGlobalSection
EndGlobal
